
Microsoft Visual Studio Solution File, Format Version 12.00
# Visual Studio Version 16
VisualStudioVersion = 16.0.29613.14
MinimumVisualStudioVersion = 10.0.40219.1
Project("{FAE04EC0-301F-11D3-BF4B-00C04F79EFBC}") = "Creation_Classe", "Creation_Classe\Creation_Classe.csproj", "{50D24A10-AFBE-4B06-BEB7-00550CB9A9E7}"
EndProject
Global
	GlobalSection(SolutionConfigurationPlatforms) = preSolution
		Debug|Any CPU = Debug|Any CPU
		Release|Any CPU = Release|Any CPU
	EndGlobalSection
	GlobalSection(ProjectConfigurationPlatforms) = postSolution
		{50D24A10-AFBE-4B06-BEB7-00550CB9A9E7}.Debug|Any CPU.ActiveCfg = Debug|Any CPU
		{50D24A10-AFBE-4B06-BEB7-00550CB9A9E7}.Debug|Any CPU.Build.0 = Debug|Any CPU
		{50D24A10-AFBE-4B06-BEB7-00550CB9A9E7}.Release|Any CPU.ActiveCfg = Release|Any CPU
		{50D24A10-AFBE-4B06-BEB7-00550CB9A9E7}.Release|Any CPU.Build.0 = Release|Any CPU
	EndGlobalSection
	GlobalSection(SolutionProperties) = preSolution
		HideSolutionNode = FALSE
	EndGlobalSection
	GlobalSection(ExtensibilityGlobals) = postSolution
		SolutionGuid = {67BB72B1-19B8-401E-8095-E79516FFD4EE}
	EndGlobalSection
EndGlobal
